
Microsoft Visual Studio Solution File, Format Version 12.00
# Visual Studio Version 17
VisualStudioVersion = 17.6.33815.320
MinimumVisualStudioVersion = 10.0.40219.1
Project("{8BC9CEB8-8B4A-11D0-8D11-00A0C91BC942}") = "测试使用动态库", "05显式实例化解决模板导出动态静态库问题.vcxproj", "{0F5C65D9-5EA4-42BE-9214-28FFFB856E78}"
EndProject
Project("{8BC9CEB8-8B4A-11D0-8D11-00A0C91BC942}") = "生成动态库", "..\生成动态库\生成动态库.vcxproj", "{DD5EFDAC-C055-48A7-A432-B2B85EF92CB5}"
EndProject
Project("{8BC9CEB8-8B4A-11D0-8D11-00A0C91BC942}") = "生成静态库", "..\生成静态库\生成静态库.vcxproj", "{6403154D-05BB-4F71-BC0F-A06DF3C7EAFB}"
EndProject
Project("{8BC9CEB8-8B4A-11D0-8D11-00A0C91BC942}") = "测试使用静态库", "..\测试使用静态库\测试使用静态库.vcxproj", "{3A7ECD3D-612F-4ACF-981C-F068D2D7673C}"
EndProject
Global
	GlobalSection(SolutionConfigurationPlatforms) = preSolution
		Debug|x64 = Debug|x64
		Debug|x86 = Debug|x86
		Release|x64 = Release|x64
		Release|x86 = Release|x86
	EndGlobalSection
	GlobalSection(ProjectConfigurationPlatforms) = postSolution
		{0F5C65D9-5EA4-42BE-9214-28FFFB856E78}.Debug|x64.ActiveCfg = Debug|x64
		{0F5C65D9-5EA4-42BE-9214-28FFFB856E78}.Debug|x64.Build.0 = Debug|x64
		{0F5C65D9-5EA4-42BE-9214-28FFFB856E78}.Debug|x86.ActiveCfg = Debug|Win32
		{0F5C65D9-5EA4-42BE-9214-28FFFB856E78}.Debug|x86.Build.0 = Debug|Win32
		{0F5C65D9-5EA4-42BE-9214-28FFFB856E78}.Release|x64.ActiveCfg = Release|x64
		{0F5C65D9-5EA4-42BE-9214-28FFFB856E78}.Release|x64.Build.0 = Release|x64
		{0F5C65D9-5EA4-42BE-9214-28FFFB856E78}.Release|x86.ActiveCfg = Release|Win32
		{0F5C65D9-5EA4-42BE-9214-28FFFB856E78}.Release|x86.Build.0 = Release|Win32
		{DD5EFDAC-C055-48A7-A432-B2B85EF92CB5}.Debug|x64.ActiveCfg = Debug|x64
		{DD5EFDAC-C055-48A7-A432-B2B85EF92CB5}.Debug|x64.Build.0 = Debug|x64
		{DD5EFDAC-C055-48A7-A432-B2B85EF92CB5}.Debug|x86.ActiveCfg = Debug|Win32
		{DD5EFDAC-C055-48A7-A432-B2B85EF92CB5}.Debug|x86.Build.0 = Debug|Win32
		{DD5EFDAC-C055-48A7-A432-B2B85EF92CB5}.Release|x64.ActiveCfg = Release|x64
		{DD5EFDAC-C055-48A7-A432-B2B85EF92CB5}.Release|x64.Build.0 = Release|x64
		{DD5EFDAC-C055-48A7-A432-B2B85EF92CB5}.Release|x86.ActiveCfg = Release|Win32
		{DD5EFDAC-C055-48A7-A432-B2B85EF92CB5}.Release|x86.Build.0 = Release|Win32
		{6403154D-05BB-4F71-BC0F-A06DF3C7EAFB}.Debug|x64.ActiveCfg = Debug|x64
		{6403154D-05BB-4F71-BC0F-A06DF3C7EAFB}.Debug|x64.Build.0 = Debug|x64
		{6403154D-05BB-4F71-BC0F-A06DF3C7EAFB}.Debug|x86.ActiveCfg = Debug|Win32
		{6403154D-05BB-4F71-BC0F-A06DF3C7EAFB}.Debug|x86.Build.0 = Debug|Win32
		{6403154D-05BB-4F71-BC0F-A06DF3C7EAFB}.Release|x64.ActiveCfg = Release|x64
		{6403154D-05BB-4F71-BC0F-A06DF3C7EAFB}.Release|x64.Build.0 = Release|x64
		{6403154D-05BB-4F71-BC0F-A06DF3C7EAFB}.Release|x86.ActiveCfg = Release|Win32
		{6403154D-05BB-4F71-BC0F-A06DF3C7EAFB}.Release|x86.Build.0 = Release|Win32
		{3A7ECD3D-612F-4ACF-981C-F068D2D7673C}.Debug|x64.ActiveCfg = Debug|x64
		{3A7ECD3D-612F-4ACF-981C-F068D2D7673C}.Debug|x64.Build.0 = Debug|x64
		{3A7ECD3D-612F-4ACF-981C-F068D2D7673C}.Debug|x86.ActiveCfg = Debug|Win32
		{3A7ECD3D-612F-4ACF-981C-F068D2D7673C}.Debug|x86.Build.0 = Debug|Win32
		{3A7ECD3D-612F-4ACF-981C-F068D2D7673C}.Release|x64.ActiveCfg = Release|x64
		{3A7ECD3D-612F-4ACF-981C-F068D2D7673C}.Release|x64.Build.0 = Release|x64
		{3A7ECD3D-612F-4ACF-981C-F068D2D7673C}.Release|x86.ActiveCfg = Release|Win32
		{3A7ECD3D-612F-4ACF-981C-F068D2D7673C}.Release|x86.Build.0 = Release|Win32
	EndGlobalSection
	GlobalSection(SolutionProperties) = preSolution
		HideSolutionNode = FALSE
	EndGlobalSection
	GlobalSection(ExtensibilityGlobals) = postSolution
		SolutionGuid = {7B327365-3754-4D45-8C38-5AD720E027C6}
	EndGlobalSection
EndGlobal
